{
  "name": "wasmcart",
  "version": "0.31.0",
  "lockfileVersion": 3,
  "requires": true,
  "packages": {
    "": {
      "name": "wasmcart",
      "version": "0.31.0",
      "license": "MIT",
      "dependencies": {
        "@kmamal/sdl": "^0.11.13",
        "fflate": "^0.8.3",
        "webgl-node": "^1.6.0",
        "webgpu-node": "^0.1.0",
        "yauzl": "^3.2.0",
        "yazl": "^2.5.1"
      },
      "bin": {
        "wasmcart": "bin/wasmcart.js",
        "wasmcart-pack": "bin/wasmcart-pack.js",
        "wasmcart-play": "bin/wasmcart-play.js"
      },
      "devDependencies": {
        "playwright": "^1.62.0"
      },
      "engines": {
        "node": ">=22.0.0"
      },
      "optionalDependencies": {
        "webgpu-node": "^0.1.0"
      }
    },
    "node_modules/@isaacs/fs-minipass": {
      "version": "4.0.1",
      "resolved": "https://registry.npmjs.org/@isaacs/fs-minipass/-/fs-minipass-4.0.1.tgz",
      "integrity": "sha512-wgm9Ehl2jpeqP3zw/7mo3kRHFp5MEDhqAdwy1fTGkHAwnkGOVsgpvQhL8B5n1qlb01jV3n/bI0ZfZp5lWA1k4w==",
      "license": "ISC",
      "dependencies": {
        "minipass": "^7.0.4"
      },
      "engines": {
        "node": ">=18.0.0"
      }
    },
    "node_modules/@kmamal/sdl": {
      "version": "0.11.13",
      "resolved": "https://registry.npmjs.org/@kmamal/sdl/-/sdl-0.11.13.tgz",
      "integrity": "sha512-9WmxYNtCggi7Ovq1cU7m/s5WXD/+eKQxDMnL3bU8B5vr5GlaLg4xLykDCpcbWKkJJ2i6llTrdL7LiqikwDFz4w==",
      "hasInstallScript": true,
      "license": "MIT",
      "dependencies": {
        "tar": "^7.4.3"
      }
    },
    "node_modules/@webgpu/types": {
      "version": "0.1.72",
      "resolved": "https://registry.npmjs.org/@webgpu/types/-/types-0.1.72.tgz",
      "integrity": "sha512-0cF7RFM2edNoiIS1ODJp0/Gzv4/xSXhwoR0YCza+OWpJWtn4wmo9DvK91aLlH9+uUnwIriP7ZiC3WitmyhuzBw==",
      "license": "BSD-3-Clause",
      "optional": true
    },
    "node_modules/buffer-crc32": {
      "version": "0.2.13",
      "resolved": "https://registry.npmjs.org/buffer-crc32/-/buffer-crc32-0.2.13.tgz",
      "integrity": "sha512-VO9Ht/+p3SN7SKWqcrgEzjGbRSJYTx+Q1pTQC0wrWqHx0vpJraQ6GtHx8tvcg1rlK1byhU5gccxgOgj7B0TDkQ==",
      "license": "MIT",
      "engines": {
        "node": "*"
      }
    },
    "node_modules/chownr": {
      "version": "3.0.0",
      "resolved": "https://registry.npmjs.org/chownr/-/chownr-3.0.0.tgz",
      "integrity": "sha512-+IxzY9BZOQd/XuYPRmrvEVjF/nqj5kgT4kEq7VofrDoM1MxoRjEWkrCC3EtLi59TVawxTAn+orJwFQcrqEN1+g==",
      "license": "BlueOak-1.0.0",
      "engines": {
        "node": ">=18"
      }
    },
    "node_modules/fflate": {
      "version": "0.8.3",
      "resolved": "https://registry.npmjs.org/fflate/-/fflate-0.8.3.tgz",
      "integrity": "sha512-tbZNuJrLwGUp3zshBtdy4W+ORxZuIh8a5ilyIEQDC5rY1f3U20JMry0Ll3WBzU58EZKsEuJFXhb5gwv8CsPvgA==",
      "license": "MIT"
    },
    "node_modules/fsevents": {
      "version": "2.3.2",
      "resolved": "https://registry.npmjs.org/fsevents/-/fsevents-2.3.2.tgz",
      "integrity": "sha512-xiqMQR4xAeHTuB9uWm+fFRcIOgKBMiOBP+eXiyT7jsgVCq1bkVygt00oASowB7EdtpOHaaPgKt812P9ab+DDKA==",
      "dev": true,
      "hasInstallScript": true,
      "license": "MIT",
      "optional": true,
      "os": [
        "darwin"
      ],
      "engines": {
        "node": "^8.16.0 || ^10.6.0 || >=11.0.0"
      }
    },
    "node_modules/minipass": {
      "version": "7.1.3",
      "resolved": "https://registry.npmjs.org/minipass/-/minipass-7.1.3.tgz",
      "integrity": "sha512-tEBHqDnIoM/1rXME1zgka9g6Q2lcoCkxHLuc7ODJ5BxbP5d4c2Z5cGgtXAku59200Cx7diuHTOYfSBD8n6mm8A==",
      "license": "BlueOak-1.0.0",
      "engines": {
        "node": ">=16 || 14 >=14.17"
      }
    },
    "node_modules/minizlib": {
      "version": "3.1.0",
      "resolved": "https://registry.npmjs.org/minizlib/-/minizlib-3.1.0.tgz",
      "integrity": "sha512-KZxYo1BUkWD2TVFLr0MQoM8vUUigWD3LlD83a/75BqC+4qE0Hb1Vo5v1FgcfaNXvfXzr+5EhQ6ing/CaBijTlw==",
      "license": "MIT",
      "dependencies": {
        "minipass": "^7.1.2"
      },
      "engines": {
        "node": ">= 18"
      }
    },
    "node_modules/native-dawn": {
      "version": "0.1.0",
      "resolved": "https://registry.npmjs.org/native-dawn/-/native-dawn-0.1.0.tgz",
      "integrity": "sha512-DvLTN1gx724uJit7+e09YgjyXZSQz5toBvuNfQ7AMUJor/HyUh20XfPSPtIakwxBdSF711b843UB0tZatWye0A==",
      "hasInstallScript": true,
      "license": "MIT",
      "optional": true,
      "dependencies": {
        "@webgpu/types": "0.1.72",
        "tar": "7.5.22"
      },
      "bin": {
        "native-dawn": "bin/native-dawn.js"
      },
      "engines": {
        "node": ">=22"
      }
    },
    "node_modules/native-gles": {
      "version": "0.7.1",
      "resolved": "https://registry.npmjs.org/native-gles/-/native-gles-0.7.1.tgz",
      "integrity": "sha512-2tYkK/pj5uT8gFWCqCwUSGI4cIBaQ/IIgyOoq7Pn4p1nokhViuXEYORpfBn16Jd2sdzG1yR05mTjFysyC6Y+1w==",
      "hasInstallScript": true,
      "license": "MIT",
      "dependencies": {
        "tar": "^7.4.3"
      }
    },
    "node_modules/pend": {
      "version": "1.2.0",
      "resolved": "https://registry.npmjs.org/pend/-/pend-1.2.0.tgz",
      "integrity": "sha512-F3asv42UuXchdzt+xXqfW1OGlVBe+mxa2mqI0pg5yAHZPvFmY3Y6drSf/GQ1A86WgWEN9Kzh/WrgKa6iGcHXLg==",
      "license": "MIT"
    },
    "node_modules/playwright": {
      "version": "1.62.0",
      "resolved": "https://registry.npmjs.org/playwright/-/playwright-1.62.0.tgz",
      "integrity": "sha512-Z14dG305dgaLu6foB1TXQagFiW8JfSUIUaUuPaKQ6NtBPKF1P/qXcqfh6c6K/icPqdy37JmjbiBXf6JNg6Sylw==",
      "dev": true,
      "license": "Apache-2.0",
      "dependencies": {
        "playwright-core": "1.62.0"
      },
      "bin": {
        "playwright": "cli.js"
      },
      "engines": {
        "node": ">=20"
      },
      "optionalDependencies": {
        "fsevents": "2.3.2"
      }
    },
    "node_modules/playwright-core": {
      "version": "1.62.0",
      "resolved": "https://registry.npmjs.org/playwright-core/-/playwright-core-1.62.0.tgz",
      "integrity": "sha512-nsNRyq0r2zsG8AcRHWknc9QRA5XCueC7gWMrs+Gx2tlZn9hcl8zudfh00lhJPY1DE7NmZ6bDsT9g2yey8mXljA==",
      "dev": true,
      "license": "Apache-2.0",
      "bin": {
        "playwright-core": "cli.js"
      },
      "engines": {
        "node": ">=20"
      }
    },
    "node_modules/tar": {
      "version": "7.5.22",
      "resolved": "https://registry.npmjs.org/tar/-/tar-7.5.22.tgz",
      "integrity": "sha512-MFO/QzvtAOmJbkhOaCTvbGcFN9L9b+JunIsDwaKljSOdcLMea3NJ1k9Usz/rjdfSXTq4dfzfeS7W4p4YOAAHeA==",
      "license": "BlueOak-1.0.0",
      "dependencies": {
        "@isaacs/fs-minipass": "^4.0.0",
        "chownr": "^3.0.0",
        "minipass": "^7.1.2",
        "minizlib": "^3.1.0",
        "yallist": "^5.0.0"
      },
      "engines": {
        "node": ">=18"
      }
    },
    "node_modules/webgl-node": {
      "version": "1.6.0",
      "resolved": "https://registry.npmjs.org/webgl-node/-/webgl-node-1.6.0.tgz",
      "integrity": "sha512-2n8ILwIngcP4pOC+Pf3iXmTUvsGfSnHCoc3Ihq4BNLyV5BtP01QS02EizfxR5XZpFlzNNaGDTk81wT7i5xIBxQ==",
      "license": "MIT",
      "dependencies": {
        "native-gles": "^0.7.1"
      }
    },
    "node_modules/webgpu-node": {
      "version": "0.1.0",
      "resolved": "https://registry.npmjs.org/webgpu-node/-/webgpu-node-0.1.0.tgz",
      "integrity": "sha512-aC2qfWB63C6FcTp8e0eWEalanPRCqzbr2/2QA40IoTk0Ix6C4huHefWmiaqQNOXJ3CK9Oz+tNVruMY7XQiQb2g==",
      "license": "MIT",
      "optional": true,
      "dependencies": {
        "@webgpu/types": "0.1.72",
        "native-dawn": "^0.1.0"
      },
      "engines": {
        "node": ">=22"
      },
      "peerDependencies": {
        "@kmamal/sdl": "^0.11.13"
      },
      "peerDependenciesMeta": {
        "@kmamal/sdl": {
          "optional": true
        }
      }
    },
    "node_modules/yallist": {
      "version": "5.0.0",
      "resolved": "https://registry.npmjs.org/yallist/-/yallist-5.0.0.tgz",
      "integrity": "sha512-YgvUTfwqyc7UXVMrB+SImsVYSmTS8X/tSrtdNZMImM+n7+QTriRXyXim0mBrTXNeqzVF0KWGgHPeiyViFFrNDw==",
      "license": "BlueOak-1.0.0",
      "engines": {
        "node": ">=18"
      }
    },
    "node_modules/yauzl": {
      "version": "3.2.0",
      "resolved": "https://registry.npmjs.org/yauzl/-/yauzl-3.2.0.tgz",
      "integrity": "sha512-Ow9nuGZE+qp1u4JIPvg+uCiUr7xGQWdff7JQSk5VGYTAZMDe2q8lxJ10ygv10qmSj031Ty/6FNJpLO4o1Sgc+w==",
      "license": "MIT",
      "dependencies": {
        "buffer-crc32": "~0.2.3",
        "pend": "~1.2.0"
      },
      "engines": {
        "node": ">=12"
      }
    },
    "node_modules/yazl": {
      "version": "2.5.1",
      "resolved": "https://registry.npmjs.org/yazl/-/yazl-2.5.1.tgz",
      "integrity": "sha512-phENi2PLiHnHb6QBVot+dJnaAZ0xosj7p3fWl+znIjBDlnMI2PsZCJZ306BPTFOaHf5qdDEI8x5qFrSOBN5vrw==",
      "license": "MIT",
      "dependencies": {
        "buffer-crc32": "~0.2.3"
      }
    }
  }
}
